{
  "name": "boids",
  "version": "0.1.0",
  "lockfileVersion": 1,
  "requires": true,
  "dependencies": {
    "bs-platform": {
      "version": "4.0.18",
      "resolved": "https://registry.npmjs.org/bs-platform/-/bs-platform-4.0.18.tgz",
      "integrity": "sha512-BwzW0iYHvREqUZIgQxJmdJrxexppLvJxYQ4LLexbhCp7uZU5DIZ5ub4ZHpkCkc8fn8bsXWc+Rrejb3csi+BoAQ==",
      "dev": true
    },
    "bs-webapi": {
      "version": "0.15.2",
      "resolved": "https://registry.npmjs.org/bs-webapi/-/bs-webapi-0.15.2.tgz",
      "integrity": "sha512-P3YNG9i29FjGxBLN4UkhiQpBwB4ok+xiGK6kCiUixBB/mb/hwnFGPbxAY/Q2owx0/8ehM+BwRT6vFd01T0GRRQ=="
    }
  }
}
